# THIS IS AN AUTOGENERATED FILE. DO NOT EDIT THIS FILE DIRECTLY.
# yarn lockfile v1


node-addon-api@^8.2.1, node-addon-api@^8.2.2:
  version "8.3.0"
  resolved "https://registry.yarnpkg.com/node-addon-api/-/node-addon-api-8.3.0.tgz#ec3763f18befc1cdf66d11e157ce44d5eddc0603"
  integrity sha512-8VOpLHFrOQlAH+qA0ZzuGRlALRA6/LVh8QJldbrC4DY0hXoMP0l4Acq8TzFC018HztWiRqyCEj2aTWY2UvnJUg==

node-gyp-build@^4.8.2:
  version "4.8.4"
  resolved "https://registry.yarnpkg.com/node-gyp-build/-/node-gyp-build-4.8.4.tgz#8a70ee85464ae52327772a90d66c6077a900cfc8"
  integrity sha512-LA4ZjwlnUblHVgq0oBF3Jl/6h/Nvs5fzBLwdEF4nuxnFdsfajde4WfxtJr3CaiH+F6ewcIB/q4jQ4UzPyid+CQ==

prettier-plugin-tailwindcss@^0.6.9:
  version "0.6.9"
  resolved "https://registry.yarnpkg.com/prettier-plugin-tailwindcss/-/prettier-plugin-tailwindcss-0.6.9.tgz#db84c32918eae9b44e5a5f0aa4d1249cc39fa739"
  integrity sha512-r0i3uhaZAXYP0At5xGfJH876W3HHGHDp+LCRUJrs57PBeQ6mYHMwr25KH8NPX44F2yGTvdnH7OqCshlQx183Eg==

prettier@^3.4.1:
  version "3.4.2"
  resolved "https://registry.yarnpkg.com/prettier/-/prettier-3.4.2.tgz#a5ce1fb522a588bf2b78ca44c6e6fe5aa5a2b13f"
  integrity sha512-e9MewbtFo+Fevyuxn/4rrcDAaq0IYxPGLvObpQjiZBMAzB9IGmzlnG9RZy3FFas+eBMu2vA0CszMeduow5dIuQ==

tree-sitter-embedded-template@^0.23.2:
  version "0.23.2"
  resolved "https://registry.yarnpkg.com/tree-sitter-embedded-template/-/tree-sitter-embedded-template-0.23.2.tgz#5558129beb562b37e33f9243c5355fa7e006633d"
  integrity sha512-ZY9AarwhUxQpc5DWA8CFG54LojGn6D8385tQE9SWf+N34z5ryM93NcyBNWNT189CPQytVv9O3x1ulR0uGQOynw==
  dependencies:
    node-addon-api "^8.2.2"
    node-gyp-build "^4.8.2"

tree-sitter-html@^0.23.2:
  version "0.23.2"
  resolved "https://registry.yarnpkg.com/tree-sitter-html/-/tree-sitter-html-0.23.2.tgz#7e3233ec9b75b254ce57447fbb820f848528e536"
  integrity sha512-TN+l+7cCeLx9db/1RhRSqMAZO/266Oh2BHb8J8hMSSFLuzYvFTYP/UnD3S0mny5awzw05KzFNgu2vnwzN9wVJg==
  dependencies:
    node-addon-api "^8.2.2"
    node-gyp-build "^4.8.2"

tree-sitter-ruby@^0.23.1:
  version "0.23.1"
  resolved "https://registry.yarnpkg.com/tree-sitter-ruby/-/tree-sitter-ruby-0.23.1.tgz#e0f566b54d7c749bb6f06f83d4c4087f5e6e2c95"
  integrity sha512-d9/RXgWjR6HanN7wTYhS5bpBQLz1VkH048Vm3CodPGyJVnamXMGb8oEhDypVCBq4QnHui9sTXuJBBP3WtCw5RA==
  dependencies:
    node-addon-api "^8.2.2"
    node-gyp-build "^4.8.2"

tree-sitter@^0.22.1:
  version "0.22.1"
  resolved "https://registry.yarnpkg.com/tree-sitter/-/tree-sitter-0.22.1.tgz#5a5296fc0898b21443657e071b050c95c0d7afbd"
  integrity sha512-gRO+jk2ljxZlIn20QRskIvpLCMtzuLl5T0BY6L9uvPYD17uUrxlxWkvYCiVqED2q2q7CVtY52Uex4WcYo2FEXw==
  dependencies:
    node-addon-api "^8.2.1"
    node-gyp-build "^4.8.2"
